
Microsoft Visual Studio Solution File, Format Version 12.00
# Visual Studio 14
VisualStudioVersion = 14.0.25123.0
MinimumVisualStudioVersion = 10.0.40219.1
Project("{FAE04EC0-301F-11D3-BF4B-00C04F79EFBC}") = "PW_1_2", "PW_1_2\PW_1_2.csproj", "{C59FC94C-E065-43AE-A2BD-CA16AFFA0741}"
EndProject
Global
	GlobalSection(SolutionConfigurationPlatforms) = preSolution
		Debug|Any CPU = Debug|Any CPU
		Release|Any CPU = Release|Any CPU
	EndGlobalSection
	GlobalSection(ProjectConfigurationPlatforms) = postSolution
		{C59FC94C-E065-43AE-A2BD-CA16AFFA0741}.Debug|Any CPU.ActiveCfg = Debug|Any CPU
		{C59FC94C-E065-43AE-A2BD-CA16AFFA0741}.Debug|Any CPU.Build.0 = Debug|Any CPU
		{C59FC94C-E065-43AE-A2BD-CA16AFFA0741}.Release|Any CPU.ActiveCfg = Release|Any CPU
		{C59FC94C-E065-43AE-A2BD-CA16AFFA0741}.Release|Any CPU.Build.0 = Release|Any CPU
	EndGlobalSection
	GlobalSection(SolutionProperties) = preSolution
		HideSolutionNode = FALSE
	EndGlobalSection
EndGlobal
